// !$*UTF8*$!
{
	archiveVersion = 1;
	classes = {
	};
	objectVersion = 50;
	objects = {

/* Begin PBXBuildFile section */
		04518EEE24DE8B9500B9D66C /* TodayTopTableViewCell.swift in Sources */ = {isa = PBXBuildFile; fileRef = 04518EED24DE8B9500B9D66C /* TodayTopTableViewCell.swift */; };
		04518EF024DEA53100B9D66C /* TodayMessage.swift in Sources */ = {isa = PBXBuildFile; fileRef = 04518EEF24DEA53100B9D66C /* TodayMessage.swift */; };
		04518EF224DFD41000B9D66C /* TopChartsTableViewCell.swift in Sources */ = {isa = PBXBuildFile; fileRef = 04518EF124DFD41000B9D66C /* TopChartsTableViewCell.swift */; };
		04518EF424DFD7C400B9D66C /* TopChartsTableViewController.swift in Sources */ = {isa = PBXBuildFile; fileRef = 04518EF324DFD7C400B9D66C /* TopChartsTableViewController.swift */; };
		04518EF624DFD80400B9D66C /* TopChart.swift in Sources */ = {isa = PBXBuildFile; fileRef = 04518EF524DFD80400B9D66C /* TopChart.swift */; };
		04518EF824DFF75D00B9D66C /* AppDetialViewController.swift in Sources */ = {isa = PBXBuildFile; fileRef = 04518EF724DFF75D00B9D66C /* AppDetialViewController.swift */; };
		047FB1CD24DD541500201C81 /* AppDelegate.swift in Sources */ = {isa = PBXBuildFile; fileRef = 047FB1CC24DD541500201C81 /* AppDelegate.swift */; };
		047FB1CF24DD541500201C81 /* SceneDelegate.swift in Sources */ = {isa = PBXBuildFile; fileRef = 047FB1CE24DD541500201C81 /* SceneDelegate.swift */; };
		047FB1D424DD541500201C81 /* Main.storyboard in Resources */ = {isa = PBXBuildFile; fileRef = 047FB1D224DD541500201C81 /* Main.storyboard */; };
		047FB1D624DD541700201C81 /* Assets.xcassets in Resources */ = {isa = PBXBuildFile; fileRef = 047FB1D524DD541700201C81 /* Assets.xcassets */; };
		047FB1D924DD541700201C81 /* LaunchScreen.storyboard in Resources */ = {isa = PBXBuildFile; fileRef = 047FB1D724DD541700201C81 /* LaunchScreen.storyboard */; };
		047FB1E324DE522600201C81 /* TodayTableViewController.swift in Sources */ = {isa = PBXBuildFile; fileRef = 047FB1E224DE522600201C81 /* TodayTableViewController.swift */; };
/* End PBXBuildFile section */

/* Begin PBXFileReference section */
		04518EED24DE8B9500B9D66C /* TodayTopTableViewCell.swift */ = {isa = PBXFileReference; lastKnownFileType = sourcecode.swift; path = TodayTopTableViewCell.swift; sourceTree = "<group>"; };
		04518EEF24DEA53100B9D66C /* TodayMessage.swift */ = {isa = PBXFileReference; lastKnownFileType = sourcecode.swift; path = TodayMessage.swift; sourceTree = "<group>"; };
		04518EF124DFD41000B9D66C /* TopChartsTableViewCell.swift */ = {isa = PBXFileReference; lastKnownFileType = sourcecode.swift; path = TopChartsTableViewCell.swift; sourceTree = "<group>"; };
		04518EF324DFD7C400B9D66C /* TopChartsTableViewController.swift */ = {isa = PBXFileReference; lastKnownFileType = sourcecode.swift; path = TopChartsTableViewController.swift; sourceTree = "<group>"; };
		04518EF524DFD80400B9D66C /* TopChart.swift */ = {isa = PBXFileReference; lastKnownFileType = sourcecode.swift; path = TopChart.swift; sourceTree = "<group>"; };
		04518EF724DFF75D00B9D66C /* AppDetialViewController.swift */ = {isa = PBXFileReference; lastKnownFileType = sourcecode.swift; path = AppDetialViewController.swift; sourceTree = "<group>"; };
		047FB1C924DD541500201C81 /* IosAppView.app */ = {isa = PBXFileReference; explicitFileType = wrapper.application; includeInIndex = 0; path = IosAppView.app; sourceTree = BUILT_PRODUCTS_DIR; };
		047FB1CC24DD541500201C81 /* AppDelegate.swift */ = {isa = PBXFileReference; lastKnownFileType = sourcecode.swift; path = AppDelegate.swift; sourceTree = "<group>"; };
		047FB1CE24DD541500201C81 /* SceneDelegate.swift */ = {isa = PBXFileReference; lastKnownFileType = sourcecode.swift; path = SceneDelegate.swift; sourceTree = "<group>"; };
		047FB1D324DD541500201C81 /* Base */ = {isa = PBXFileReference; lastKnownFileType = file.storyboard; name = Base; path = Base.lproj/Main.storyboard; sourceTree = "<group>"; };
		047FB1D524DD541700201C81 /* Assets.xcassets */ = {isa = PBXFileReference; lastKnownFileType = folder.assetcatalog; path = Assets.xcassets; sourceTree = "<group>"; };
		047FB1D824DD541700201C81 /* Base */ = {isa = PBXFileReference; lastKnownFileType = file.storyboard; name = Base; path = Base.lproj/LaunchScreen.storyboard; sourceTree = "<group>"; };
		047FB1DA24DD541700201C81 /* Info.plist */ = {isa = PBXFileReference; lastKnownFileType = text.plist.xml; path = Info.plist; sourceTree = "<group>"; };
		047FB1E224DE522600201C81 /* TodayTableViewController.swift */ = {isa = PBXFileReference; lastKnownFileType = sourcecode.swift; path = TodayTableViewController.swift; sourceTree = "<group>"; };
/* End PBXFileReference section */

/* Begin PBXFrameworksBuildPhase section */
		047FB1C624DD541500201C81 /* Frameworks */ = {
			isa = PBXFrameworksBuildPhase;
			buildActionMask = 2147483647;
			files = (
			);
			runOnlyForDeploymentPostprocessing = 0;
		};
/* End PBXFrameworksBuildPhase section */

/* Begin PBXGroup section */
		047FB1C024DD541500201C81 = {
			isa = PBXGroup;
			children = (
				047FB1CB24DD541500201C81 /* IosAppView */,
				047FB1CA24DD541500201C81 /* Products */,
			);
			sourceTree = "<group>";
		};
		047FB1CA24DD541500201C81 /* Products */ = {
			isa = PBXGroup;
			children = (
				047FB1C924DD541500201C81 /* IosAppView.app */,
			);
			name = Products;
			sourceTree = "<group>";
		};
		047FB1CB24DD541500201C81 /* IosAppView */ = {
			isa = PBXGroup;
			children = (
				047FB1CC24DD541500201C81 /* AppDelegate.swift */,
				047FB1CE24DD541500201C81 /* SceneDelegate.swift */,
				047FB1D224DD541500201C81 /* Main.storyboard */,
				04518EF724DFF75D00B9D66C /* AppDetialViewController.swift */,
				04518EF324DFD7C400B9D66C /* TopChartsTableViewController.swift */,
				04518EF524DFD80400B9D66C /* TopChart.swift */,
				04518EF124DFD41000B9D66C /* TopChartsTableViewCell.swift */,
				04518EEF24DEA53100B9D66C /* TodayMessage.swift */,
				04518EED24DE8B9500B9D66C /* TodayTopTableViewCell.swift */,
				047FB1D524DD541700201C81 /* Assets.xcassets */,
				047FB1E224DE522600201C81 /* TodayTableViewController.swift */,
				047FB1D724DD541700201C81 /* LaunchScreen.storyboard */,
				047FB1DA24DD541700201C81 /* Info.plist */,
			);
			path = IosAppView;
			sourceTree = "<group>";
		};
/* End PBXGroup section */

/* Begin PBXNativeTarget section */
		047FB1C824DD541500201C81 /* IosAppView */ = {
			isa = PBXNativeTarget;
			buildConfigurationList = 047FB1DD24DD541700201C81 /* Build configuration list for PBXNativeTarget "IosAppView" */;
			buildPhases = (
				047FB1C524DD541500201C81 /* Sources */,
				047FB1C624DD541500201C81 /* Frameworks */,
				047FB1C724DD541500201C81 /* Resources */,
			);
			buildRules = (
			);
			dependencies = (
			);
			name = IosAppView;
			productName = IosAppView;
			productReference = 047FB1C924DD541500201C81 /* IosAppView.app */;
			productType = "com.apple.product-type.application";
		};
/* End PBXNativeTarget section */

/* Begin PBXProject section */
		047FB1C124DD541500201C81 /* Project object */ = {
			isa = PBXProject;
			attributes = {
				LastSwiftUpdateCheck = 1200;
				LastUpgradeCheck = 1200;
				TargetAttributes = {
					047FB1C824DD541500201C81 = {
						CreatedOnToolsVersion = 12.0;
					};
				};
			};
			buildConfigurationList = 047FB1C424DD541500201C81 /* Build configuration list for PBXProject "IosAppView" */;
			compatibilityVersion = "Xcode 9.3";
			developmentRegion = en;
			hasScannedForEncodings = 0;
			knownRegions = (
				en,
				Base,
			);
			mainGroup = 047FB1C024DD541500201C81;
			productRefGroup = 047FB1CA24DD541500201C81 /* Products */;
			projectDirPath = "";
			projectRoot = "";
			targets = (
				047FB1C824DD541500201C81 /* IosAppView */,
			);
		};
/* End PBXProject section */

/* Begin PBXResourcesBuildPhase section */
		047FB1C724DD541500201C81 /* Resources */ = {
			isa = PBXResourcesBuildPhase;
			buildActionMask = 2147483647;
			files = (
				047FB1D924DD541700201C81 /* LaunchScreen.storyboard in Resources */,
				047FB1D624DD541700201C81 /* Assets.xcassets in Resources */,
				047FB1D424DD541500201C81 /* Main.storyboard in Resources */,
			);
			runOnlyForDeploymentPostprocessing = 0;
		};
/* End PBXResourcesBuildPhase section */

/* Begin PBXSourcesBuildPhase section */
		047FB1C524DD541500201C81 /* Sources */ = {
			isa = PBXSourcesBuildPhase;
			buildActionMask = 2147483647;
			files = (
				04518EF224DFD41000B9D66C /* TopChartsTableViewCell.swift in Sources */,
				047FB1CD24DD541500201C81 /* AppDelegate.swift in Sources */,
				04518EEE24DE8B9500B9D66C /* TodayTopTableViewCell.swift in Sources */,
				04518EF824DFF75D00B9D66C /* AppDetialViewController.swift in Sources */,
				04518EF424DFD7C400B9D66C /* TopChartsTableViewController.swift in Sources */,
				04518EF024DEA53100B9D66C /* TodayMessage.swift in Sources */,
				04518EF624DFD80400B9D66C /* TopChart.swift in Sources */,
				047FB1CF24DD541500201C81 /* SceneDelegate.swift in Sources */,
				047FB1E324DE522600201C81 /* TodayTableViewController.swift in Sources */,
			);
			runOnlyForDeploymentPostprocessing = 0;
		};
/* End PBXSourcesBuildPhase section */

/* Begin PBXVariantGroup section */
		047FB1D224DD541500201C81 /* Main.storyboard */ = {
			isa = PBXVariantGroup;
			children = (
				047FB1D324DD541500201C81 /* Base */,
			);
			name = Main.storyboard;
			sourceTree = "<group>";
		};
		047FB1D724DD541700201C81 /* LaunchScreen.storyboard */ = {
			isa = PBXVariantGroup;
			children = (
				047FB1D824DD541700201C81 /* Base */,
			);
			name = LaunchScreen.storyboard;
			sourceTree = "<group>";
		};
/* End PBXVariantGroup section */

/* Begin XCBuildConfiguration section */
		047FB1DB24DD541700201C81 /* Debug */ = {
			isa = XCBuildConfiguration;
			buildSettings = {
				ALWAYS_SEARCH_USER_PATHS = NO;
				CLANG_ANALYZER_NONNULL = YES;
				CLANG_ANALYZER_NUMBER_OBJECT_CONVERSION = YES_AGGRESSIVE;
				CLANG_CXX_LANGUAGE_STANDARD = "gnu++14";
				CLANG_CXX_LIBRARY = "libc++";
				CLANG_ENABLE_MODULES = YES;
				CLANG_ENABLE_OBJC_ARC = YES;
				CLANG_ENABLE_OBJC_WEAK = YES;
				CLANG_WARN_BLOCK_CAPTURE_AUTORELEASING = YES;
				CLANG_WARN_BOOL_CONVERSION = YES;
				CLANG_WARN_COMMA = YES;
				CLANG_WARN_CONSTANT_CONVERSION = YES;
				CLANG_WARN_DEPRECATED_OBJC_IMPLEMENTATIONS = YES;
				CLANG_WARN_DIRECT_OBJC_ISA_USAGE = YES_ERROR;
				CLANG_WARN_DOCUMENTATION_COMMENTS = YES;
				CLANG_WARN_EMPTY_BODY = YES;
				CLANG_WARN_ENUM_CONVERSION = YES;
				CLANG_WARN_INFINITE_RECURSION = YES;
				CLANG_WARN_INT_CONVERSION = YES;
				CLANG_WARN_NON_LITERAL_NULL_CONVERSION = YES;
				CLANG_WARN_OBJC_IMPLICIT_RETAIN_SELF = YES;
				CLANG_WARN_OBJC_LITERAL_CONVERSION = YES;
				CLANG_WARN_OBJC_ROOT_CLASS = YES_ERROR;
				CLANG_WARN_QUOTED_INCLUDE_IN_FRAMEWORK_HEADER = YES;
				CLANG_WARN_RANGE_LOOP_ANALYSIS = YES;
				CLANG_WARN_STRICT_PROTOTYPES = YES;
				CLANG_WARN_SUSPICIOUS_MOVE = YES;
				CLANG_WARN_UNGUARDED_AVAILABILITY = YES_AGGRESSIVE;
				CLANG_WARN_UNREACHABLE_CODE = YES;
				CLANG_WARN__DUPLICATE_METHOD_MATCH = YES;
				COPY_PHASE_STRIP = NO;
				DEBUG_INFORMATION_FORMAT = dwarf;
				ENABLE_STRICT_OBJC_MSGSEND = YES;
				ENABLE_TESTABILITY = YES;
				GCC_C_LANGUAGE_STANDARD = gnu11;
				GCC_DYNAMIC_NO_PIC = NO;
				GCC_NO_COMMON_BLOCKS = YES;
				GCC_OPTIMIZATION_LEVEL = 0;
				GCC_PREPROCESSOR_DEFINITIONS = (
					"DEBUG=1",
					"$(inherited)",
				);
				GCC_WARN_64_TO_32_BIT_CONVERSION = YES;
				GCC_WARN_ABOUT_RETURN_TYPE = YES_ERROR;
				GCC_WARN_UNDECLARED_SELECTOR = YES;
				GCC_WARN_UNINITIALIZED_AUTOS = YES_AGGRESSIVE;
				GCC_WARN_UNUSED_FUNCTION = YES;
				GCC_WARN_UNUSED_VARIABLE = YES;
				IPHONEOS_DEPLOYMENT_TARGET = 13.5;
				MTL_ENABLE_DEBUG_INFO = INCLUDE_SOURCE;
				MTL_FAST_MATH = YES;
				ONLY_ACTIVE_ARCH = YES;
				SDKROOT = iphoneos;
				SWIFT_ACTIVE_COMPILATION_CONDITIONS = DEBUG;
				SWIFT_OPTIMIZATION_LEVEL = "-Onone";
			};
			name = Debug;
		};
		047FB1DC24DD541700201C81 /* Release */ = {
			isa = XCBuildConfiguration;
			buildSettings = {
				ALWAYS_SEARCH_USER_PATHS = NO;
				CLANG_ANALYZER_NONNULL = YES;
				CLANG_ANALYZER_NUMBER_OBJECT_CONVERSION = YES_AGGRESSIVE;
				CLANG_CXX_LANGUAGE_STANDARD = "gnu++14";
				CLANG_CXX_LIBRARY = "libc++";
				CLANG_ENABLE_MODULES = YES;
				CLANG_ENABLE_OBJC_ARC = YES;
				CLANG_ENABLE_OBJC_WEAK = YES;
				CLANG_WARN_BLOCK_CAPTURE_AUTORELEASING = YES;
				CLANG_WARN_BOOL_CONVERSION = YES;
				CLANG_WARN_COMMA = YES;
				CLANG_WARN_CONSTANT_CONVERSION = YES;
				CLANG_WARN_DEPRECATED_OBJC_IMPLEMENTATIONS = YES;
				CLANG_WARN_DIRECT_OBJC_ISA_USAGE = YES_ERROR;
				CLANG_WARN_DOCUMENTATION_COMMENTS = YES;
				CLANG_WARN_EMPTY_BODY = YES;
				CLANG_WARN_ENUM_CONVERSION = YES;
				CLANG_WARN_INFINITE_RECURSION = YES;
				CLANG_WARN_INT_CONVERSION = YES;
				CLANG_WARN_NON_LITERAL_NULL_CONVERSION = YES;
				CLANG_WARN_OBJC_IMPLICIT_RETAIN_SELF = YES;
				CLANG_WARN_OBJC_LITERAL_CONVERSION = YES;
				CLANG_WARN_OBJC_ROOT_CLASS = YES_ERROR;
				CLANG_WARN_QUOTED_INCLUDE_IN_FRAMEWORK_HEADER = YES;
				CLANG_WARN_RANGE_LOOP_ANALYSIS = YES;
				CLANG_WARN_STRICT_PROTOTYPES = YES;
				CLANG_WARN_SUSPICIOUS_MOVE = YES;
				CLANG_WARN_UNGUARDED_AVAILABILITY = YES_AGGRESSIVE;
				CLANG_WARN_UNREACHABLE_CODE = YES;
				CLANG_WARN__DUPLICATE_METHOD_MATCH = YES;
				COPY_PHASE_STRIP = NO;
				DEBUG_INFORMATION_FORMAT = "dwarf-with-dsym";
				ENABLE_NS_ASSERTIONS = NO;
				ENABLE_STRICT_OBJC_MSGSEND = YES;
				GCC_C_LANGUAGE_STANDARD = gnu11;
				GCC_NO_COMMON_BLOCKS = YES;
				GCC_WARN_64_TO_32_BIT_CONVERSION = YES;
				GCC_WARN_ABOUT_RETURN_TYPE = YES_ERROR;
				GCC_WARN_UNDECLARED_SELECTOR = YES;
				GCC_WARN_UNINITIALIZED_AUTOS = YES_AGGRESSIVE;
				GCC_WARN_UNUSED_FUNCTION = YES;
				GCC_WARN_UNUSED_VARIABLE = YES;
				IPHONEOS_DEPLOYMENT_TARGET = 13.5;
				MTL_ENABLE_DEBUG_INFO = NO;
				MTL_FAST_MATH = YES;
				SDKROOT = iphoneos;
				SWIFT_COMPILATION_MODE = wholemodule;
				SWIFT_OPTIMIZATION_LEVEL = "-O";
				VALIDATE_PRODUCT = YES;
			};
			name = Release;
		};
		047FB1DE24DD541700201C81 /* Debug */ = {
			isa = XCBuildConfiguration;
			buildSettings = {
				ASSETCATALOG_COMPILER_APPICON_NAME = AppIcon;
				ASSETCATALOG_COMPILER_GLOBAL_ACCENT_COLOR_NAME = AccentColor;
				CODE_SIGN_STYLE = Automatic;
				DEVELOPMENT_TEAM = 3H8BWNT9J5;
				INFOPLIST_FILE = IosAppView/Info.plist;
				LD_RUNPATH_SEARCH_PATHS = (
					"$(inherited)",
					"@executable_path/Frameworks",
				);
				PRODUCT_BUNDLE_IDENTIFIER = lee.sam.IosAppView;
				PRODUCT_NAME = "$(TARGET_NAME)";
				SWIFT_VERSION = 5.0;
				TARGETED_DEVICE_FAMILY = "1,2";
			};
			name = Debug;
		};
		047FB1DF24DD541700201C81 /* Release */ = {
			isa = XCBuildConfiguration;
			buildSettings = {
				ASSETCATALOG_COMPILER_APPICON_NAME = AppIcon;
				ASSETCATALOG_COMPILER_GLOBAL_ACCENT_COLOR_NAME = AccentColor;
				CODE_SIGN_STYLE = Automatic;
				DEVELOPMENT_TEAM = 3H8BWNT9J5;
				INFOPLIST_FILE = IosAppView/Info.plist;
				LD_RUNPATH_SEARCH_PATHS = (
					"$(inherited)",
					"@executable_path/Frameworks",
				);
				PRODUCT_BUNDLE_IDENTIFIER = lee.sam.IosAppView;
				PRODUCT_NAME = "$(TARGET_NAME)";
				SWIFT_VERSION = 5.0;
				TARGETED_DEVICE_FAMILY = "1,2";
			};
			name = Release;
		};
/* End XCBuildConfiguration section */

/* Begin XCConfigurationList section */
		047FB1C424DD541500201C81 /* Build configuration list for PBXProject "IosAppView" */ = {
			isa = XCConfigurationList;
			buildConfigurations = (
				047FB1DB24DD541700201C81 /* Debug */,
				047FB1DC24DD541700201C81 /* Release */,
			);
			defaultConfigurationIsVisible = 0;
			defaultConfigurationName = Release;
		};
		047FB1DD24DD541700201C81 /* Build configuration list for PBXNativeTarget "IosAppView" */ = {
			isa = XCConfigurationList;
			buildConfigurations = (
				047FB1DE24DD541700201C81 /* Debug */,
				047FB1DF24DD541700201C81 /* Release */,
			);
			defaultConfigurationIsVisible = 0;
			defaultConfigurationName = Release;
		};
/* End XCConfigurationList section */
	};
	rootObject = 047FB1C124DD541500201C81 /* Project object */;
}
